# This file is automatically @generated by Cargo.
# It is not intended for manual editing.
[[package]]
name = "mermer"
version = "0.1.0"
dependencies = [
 "mermer-rs 0.1.0 (registry+https://github.com/rust-lang/crates.io-index)",
]

[[package]]
name = "mermer-rs"
version = "0.1.0"
source = "registry+https://github.com/rust-lang/crates.io-index"

[metadata]
"checksum mermer-rs 0.1.0 (registry+https://github.com/rust-lang/crates.io-index)" = "aa5c29e86dbf7f271a18ed8d1c408b681d3974641ff26ecee6a3f970ae564c11"
